<?xml version="1.0" encoding="utf-8"?>
<Project ToolsVersion="4.0" xmlns="http://schemas.microsoft.com/developer/msbuild/2003">
  <ItemGroup>
    <Filter Include="Source Files">
      <UniqueIdentifier>{4FC737F1-C7A5-4376-A066-2A32D752A2FF}</UniqueIdentifier>
      <Extensions>cpp;c;cc;cxx;def;odl;idl;hpj;bat;asm;asmx</Extensions>
    </Filter>
    <Filter Include="Header Files">
      <UniqueIdentifier>{93995380-89BD-4b04-88EB-625FBE52EBFB}</UniqueIdentifier>
      <Extensions>h;hh;hpp;hxx;hm;inl;inc;ipp;xsd</Extensions>
    </Filter>
    <Filter Include="Resource Files">
      <UniqueIdentifier>{67DA6AB6-F800-4c08-8B7A-83BB121AAD01}</UniqueIdentifier>
      <Extensions>rc;ico;cur;bmp;dlg;rc2;rct;bin;rgs;gif;jpg;jpeg;jpe;resx;tiff;tif;png;wav;mfcribbon-ms</Extensions>
    </Filter>
    <Filter Include="Components">
      <UniqueIdentifier>{cefc3e0a-ded0-4b1c-aa64-bc489701fc1c}</UniqueIdentifier>
    </Filter>
    <Filter Include="Math">
      <UniqueIdentifier>{f332a518-5399-49dd-a8d3-19ab1fb24d43}</UniqueIdentifier>
    </Filter>
    <Filter Include="Serialization">
      <UniqueIdentifier>{509a85d2-95ff-48f0-b114-c67c1f763225}</UniqueIdentifier>
    </Filter>
    <Filter Include="Collision">
      <UniqueIdentifier>{1b60f7b6-c6b5-4bf9-b974-72492ea263a7}</UniqueIdentifier>
    </Filter>
    <Filter Include="Events">
      <UniqueIdentifier>{36e57ee3-b8d6-4856-979e-399730643723}</UniqueIdentifier>
    </Filter>
    <Filter Include="Serialization\Shaders">
      <UniqueIdentifier>{78fa5254-6349-4c8e-a365-d71e7d1aeac4}</UniqueIdentifier>
    </Filter>
    <Filter Include="Particles">
      <UniqueIdentifier>{ed6e4a21-abbb-4fd9-bd2b-eb1368db3798}</UniqueIdentifier>
    </Filter>
  </ItemGroup>
  <ItemGroup>
    <ClCompile Include="Engine.cpp">
      <Filter>Source Files</Filter>
    </ClCompile>
    <ClCompile Include="InputManager.cpp">
      <Filter>Source Files</Filter>
    </ClCompile>
    <ClCompile Include="FrameRateController.cpp">
      <Filter>Source Files</Filter>
    </ClCompile>
    <ClCompile Include="ResourceManager.cpp">
      <Filter>Source Files</Filter>
    </ClCompile>
    <ClCompile Include="GraphicsManager.cpp">
      <Filter>Source Files</Filter>
    </ClCompile>
    <ClCompile Include="Components\Component.cpp">
      <Filter>Components</Filter>
    </ClCompile>
    <ClCompile Include="GameObject.cpp">
      <Filter>Source Files</Filter>
    </ClCompile>
    <ClCompile Include="GameObjectManager.cpp">
      <Filter>Source Files</Filter>
    </ClCompile>
    <ClCompile Include="Components\Transform.cpp">
      <Filter>Components</Filter>
    </ClCompile>
    <ClCompile Include="Components\Sprite.cpp">
      <Filter>Components</Filter>
    </ClCompile>
    <ClCompile Include="Components\Controller.cpp">
      <Filter>Components</Filter>
    </ClCompile>
    <ClCompile Include="Components\UpDown.cpp">
      <Filter>Components</Filter>
    </ClCompile>
    <ClCompile Include="Math\Matrix3D.cpp">
      <Filter>Math</Filter>
    </ClCompile>
    <ClCompile Include="Math\Vector3D.cpp">
      <Filter>Math</Filter>
    </ClCompile>
    <ClCompile Include="Components\Camera.cpp">
      <Filter>Components</Filter>
    </ClCompile>
    <ClCompile Include="CameraManager.cpp">
      <Filter>Source Files</Filter>
    </ClCompile>
    <ClCompile Include="Components\Renderer.cpp">
      <Filter>Components</Filter>
    </ClCompile>
    <ClCompile Include="GameObjectFactory.cpp">
      <Filter>Source Files</Filter>
    </ClCompile>
    <ClCompile Include="CollisionManager.cpp">
      <Filter>Source Files</Filter>
    </ClCompile>
    <ClCompile Include="Components\RigidBody2D.cpp">
      <Filter>Components</Filter>
    </ClCompile>
    <ClCompile Include="PhysicsManager.cpp">
      <Filter>Source Files</Filter>
    </ClCompile>
    <ClCompile Include="Collision\Shapes.cpp">
      <Filter>Collision</Filter>
    </ClCompile>
    <ClCompile Include="Eventmanager.cpp">
      <Filter>Source Files</Filter>
    </ClCompile>
    <ClCompile Include="Components\Trigger.cpp">
      <Filter>Components</Filter>
    </ClCompile>
    <ClCompile Include="Components\Animator.cpp">
      <Filter>Components</Filter>
    </ClCompile>
    <ClCompile Include="AnimationClip.cpp">
      <Filter>Source Files</Filter>
    </ClCompile>
    <ClCompile Include="Components\Weapon.cpp">
      <Filter>Components</Filter>
    </ClCompile>
    <ClCompile Include="Components\WeaponSlot.cpp">
      <Filter>Components</Filter>
    </ClCompile>
    <ClCompile Include="Components\Projectile.cpp">
      <Filter>Components</Filter>
    </ClCompile>
    <ClCompile Include="Components\EnemyAI.cpp">
      <Filter>Components</Filter>
    </ClCompile>
    <ClCompile Include="Components\Parallax.cpp">
      <Filter>Components</Filter>
    </ClCompile>
    <ClCompile Include="GameStateManager.cpp">
      <Filter>Source Files</Filter>
    </ClCompile>
    <ClCompile Include="Components\LongRangeAI.cpp">
      <Filter>Components</Filter>
    </ClCompile>
    <ClCompile Include="Components\ParticleEmitter.cpp">
      <Filter>Components</Filter>
    </ClCompile>
    <ClCompile Include="Particles\Particles.cpp">
      <Filter>Particles</Filter>
    </ClCompile>
    <ClCompile Include="Components\UIController.cpp">
      <Filter>Components</Filter>
    </ClCompile>
    <ClCompile Include="Components\UIStateComponent.cpp">
      <Filter>Components</Filter>
    </ClCompile>
    <ClCompile Include="Components\Button.cpp">
      <Filter>Components</Filter>
    </ClCompile>
    <ClCompile Include="Components\Player.cpp">
      <Filter>Components</Filter>
    </ClCompile>
    <ClCompile Include="Components\Enemy.cpp">
      <Filter>Components</Filter>
    </ClCompile>
  </ItemGroup>
  <ItemGroup>
    <ClInclude Include="FrameRateController.h">
      <Filter>Header Files</Filter>
    </ClInclude>
    <ClInclude Include="ResourceManager.h">
      <Filter>Header Files</Filter>
    </ClInclude>
    <ClInclude Include="InputManager.h">
      <Filter>Header Files</Filter>
    </ClInclude>
    <ClInclude Include="GraphicsManager.h">
      <Filter>Header Files</Filter>
    </ClInclude>
    <ClInclude Include="Components\Component.h">
      <Filter>Components</Filter>
    </ClInclude>
    <ClInclude Include="GameObject.h">
      <Filter>Header Files</Filter>
    </ClInclude>
    <ClInclude Include="GameObjectManager.h">
      <Filter>Header Files</Filter>
    </ClInclude>
    <ClInclude Include="Components\Transform.h">
      <Filter>Components</Filter>
    </ClInclude>
    <ClInclude Include="Components\Sprite.h">
      <Filter>Components</Filter>
    </ClInclude>
    <ClInclude Include="Components\Controller.h">
      <Filter>Components</Filter>
    </ClInclude>
    <ClInclude Include="Components\UpDown.h">
      <Filter>Components</Filter>
    </ClInclude>
    <ClInclude Include="Managers.h">
      <Filter>Header Files</Filter>
    </ClInclude>
    <ClInclude Include="Math\Matrix3D.h">
      <Filter>Math</Filter>
    </ClInclude>
    <ClInclude Include="Math\Vector3D.h">
      <Filter>Math</Filter>
    </ClInclude>
    <ClInclude Include="Components\Camera.h">
      <Filter>Components</Filter>
    </ClInclude>
    <ClInclude Include="CameraManager.h">
      <Filter>Header Files</Filter>
    </ClInclude>
    <ClInclude Include="Components\Renderer.h">
      <Filter>Components</Filter>
    </ClInclude>
    <ClInclude Include="GameObjectFactory.h">
      <Filter>Header Files</Filter>
    </ClInclude>
    <ClInclude Include="CollisionManager.h">
      <Filter>Header Files</Filter>
    </ClInclude>
    <ClInclude Include="Components\RigidBody2D.h">
      <Filter>Components</Filter>
    </ClInclude>
    <ClInclude Include="PhysicsManager.h">
      <Filter>Header Files</Filter>
    </ClInclude>
    <ClInclude Include="Collision\Shapes.h">
      <Filter>Collision</Filter>
    </ClInclude>
    <ClInclude Include="EventManager.h">
      <Filter>Header Files</Filter>
    </ClInclude>
    <ClInclude Include="Events.h">
      <Filter>Events</Filter>
    </ClInclude>
    <ClInclude Include="Components\Trigger.h">
      <Filter>Components</Filter>
    </ClInclude>
    <ClInclude Include="Components\Animator.h">
      <Filter>Components</Filter>
    </ClInclude>
    <ClInclude Include="AnimationClip.h">
      <Filter>Header Files</Filter>
    </ClInclude>
    <ClInclude Include="Components\Weapon.h">
      <Filter>Components</Filter>
    </ClInclude>
    <ClInclude Include="Components\WeaponSlot.h">
      <Filter>Components</Filter>
    </ClInclude>
    <ClInclude Include="Components\Projectile.h">
      <Filter>Components</Filter>
    </ClInclude>
    <ClInclude Include="Components\EnemyAI.h">
      <Filter>Components</Filter>
    </ClInclude>
    <ClInclude Include="Components\Parallax.h">
      <Filter>Components</Filter>
    </ClInclude>
    <ClInclude Include="GameStateManager.h">
      <Filter>Header Files</Filter>
    </ClInclude>
    <ClInclude Include="Components\LongRangeAI.h">
      <Filter>Components</Filter>
    </ClInclude>
    <ClInclude Include="Components\ParticleEmitter.h">
      <Filter>Components</Filter>
    </ClInclude>
    <ClInclude Include="Particles\Particles.h">
      <Filter>Particles</Filter>
    </ClInclude>
    <ClInclude Include="Components\UIController.h">
      <Filter>Components</Filter>
    </ClInclude>
    <ClInclude Include="Components\UIStateComponent.h">
      <Filter>Components</Filter>
    </ClInclude>
    <ClInclude Include="Components\Button.h">
      <Filter>Components</Filter>
    </ClInclude>
    <ClInclude Include="Components\Player.h">
      <Filter>Components</Filter>
    </ClInclude>
    <ClInclude Include="Components\Character.h">
      <Filter>Components</Filter>
    </ClInclude>
    <ClInclude Include="Components\Enemy.h">
      <Filter>Components</Filter>
    </ClInclude>
  </ItemGroup>
  <ItemGroup>
    <None Include="sprite.vert">
      <Filter>Serialization\Shaders</Filter>
    </None>
    <None Include="sprite.frag">
      <Filter>Serialization\Shaders</Filter>
    </None>
    <None Include="spriteInstancing.frag">
      <Filter>Serialization\Shaders</Filter>
    </None>
    <None Include="spriteInstancing.vert">
      <Filter>Serialization\Shaders</Filter>
    </None>
    <None Include="debug.frag">
      <Filter>Serialization\Shaders</Filter>
    </None>
    <None Include="debug.vert">
      <Filter>Serialization\Shaders</Filter>
    </None>
    <None Include="UI.vert">
      <Filter>Serialization\Shaders</Filter>
    </None>
    <None Include="UI.frag">
      <Filter>Serialization\Shaders</Filter>
    </None>
  </ItemGroup>
</Project>